// !$*UTF8*$!
{
	archiveVersion = 1;
	classes = {
	};
	objectVersion = 46;
	objects = {

/* Begin PBXBuildFile section */
		D91B5A481D1C606C0053226F /* Obstacle.sks in Resources */ = {isa = PBXBuildFile; fileRef = D91B5A471D1C606C0053226F /* Obstacle.sks */; };
		D970DD381D1C80520032987C /* MSButtonNode.swift in Sources */ = {isa = PBXBuildFile; fileRef = D970DD371D1C80520032987C /* MSButtonNode.swift */; };
		D970DD3C1D1CB2BE0032987C /* GameEffects.sks in Resources */ = {isa = PBXBuildFile; fileRef = D970DD3B1D1CB2BE0032987C /* GameEffects.sks */; };
		D973FC811D1C339100EF55F4 /* CGFloat+Extensions.swift in Sources */ = {isa = PBXBuildFile; fileRef = D973FC741D1C339000EF55F4 /* CGFloat+Extensions.swift */; };
		D973FCAA1D1C387700EF55F4 /* AppDelegate.swift in Sources */ = {isa = PBXBuildFile; fileRef = D973FCA91D1C387700EF55F4 /* AppDelegate.swift */; };
		D976A7D61D1859D500ACA15C /* GameScene.sks in Resources */ = {isa = PBXBuildFile; fileRef = D976A7D51D1859D500ACA15C /* GameScene.sks */; };
		D976A7D81D1859D500ACA15C /* GameScene.swift in Sources */ = {isa = PBXBuildFile; fileRef = D976A7D71D1859D500ACA15C /* GameScene.swift */; };
		D976A7DA1D1859D500ACA15C /* GameViewController.swift in Sources */ = {isa = PBXBuildFile; fileRef = D976A7D91D1859D500ACA15C /* GameViewController.swift */; };
		D976A7DD1D1859D500ACA15C /* Main.storyboard in Resources */ = {isa = PBXBuildFile; fileRef = D976A7DB1D1859D500ACA15C /* Main.storyboard */; };
		D976A7DF1D1859D500ACA15C /* Assets.xcassets in Resources */ = {isa = PBXBuildFile; fileRef = D976A7DE1D1859D500ACA15C /* Assets.xcassets */; };
		D976A7E21D1859D500ACA15C /* LaunchScreen.storyboard in Resources */ = {isa = PBXBuildFile; fileRef = D976A7E01D1859D500ACA15C /* LaunchScreen.storyboard */; };
		D976A7EF1D1869AE00ACA15C /* Hero.sks in Resources */ = {isa = PBXBuildFile; fileRef = D976A7EE1D1869AD00ACA15C /* Hero.sks */; };
		D9E6EF841D1D777F00C9BEBC /* sfx_flap.caf in Resources */ = {isa = PBXBuildFile; fileRef = D9E6EF821D1D777F00C9BEBC /* sfx_flap.caf */; };
		D9E6EF851D1D777F00C9BEBC /* sfx_goal.caf in Resources */ = {isa = PBXBuildFile; fileRef = D9E6EF831D1D777F00C9BEBC /* sfx_goal.caf */; };
/* End PBXBuildFile section */

/* Begin PBXFileReference section */
		D91B5A471D1C606C0053226F /* Obstacle.sks */ = {isa = PBXFileReference; lastKnownFileType = file.sks; path = Obstacle.sks; sourceTree = "<group>"; };
		D970DD371D1C80520032987C /* MSButtonNode.swift */ = {isa = PBXFileReference; fileEncoding = 4; lastKnownFileType = sourcecode.swift; path = MSButtonNode.swift; sourceTree = "<group>"; };
		D970DD3B1D1CB2BE0032987C /* GameEffects.sks */ = {isa = PBXFileReference; lastKnownFileType = file.sks; path = GameEffects.sks; sourceTree = "<group>"; };
		D973FC741D1C339000EF55F4 /* CGFloat+Extensions.swift */ = {isa = PBXFileReference; fileEncoding = 4; lastKnownFileType = sourcecode.swift; path = "CGFloat+Extensions.swift"; sourceTree = "<group>"; };
		D973FCA91D1C387700EF55F4 /* AppDelegate.swift */ = {isa = PBXFileReference; fileEncoding = 4; lastKnownFileType = sourcecode.swift; path = AppDelegate.swift; sourceTree = "<group>"; };
		D976A7D01D1859D500ACA15C /* HoppyBunny.app */ = {isa = PBXFileReference; explicitFileType = wrapper.application; includeInIndex = 0; path = HoppyBunny.app; sourceTree = BUILT_PRODUCTS_DIR; };
		D976A7D51D1859D500ACA15C /* GameScene.sks */ = {isa = PBXFileReference; lastKnownFileType = file.sks; path = GameScene.sks; sourceTree = "<group>"; };
		D976A7D71D1859D500ACA15C /* GameScene.swift */ = {isa = PBXFileReference; lastKnownFileType = sourcecode.swift; path = GameScene.swift; sourceTree = "<group>"; };
		D976A7D91D1859D500ACA15C /* GameViewController.swift */ = {isa = PBXFileReference; lastKnownFileType = sourcecode.swift; path = GameViewController.swift; sourceTree = "<group>"; };
		D976A7DC1D1859D500ACA15C /* Base */ = {isa = PBXFileReference; lastKnownFileType = file.storyboard; name = Base; path = Base.lproj/Main.storyboard; sourceTree = "<group>"; };
		D976A7DE1D1859D500ACA15C /* Assets.xcassets */ = {isa = PBXFileReference; lastKnownFileType = folder.assetcatalog; path = Assets.xcassets; sourceTree = "<group>"; };
		D976A7E11D1859D500ACA15C /* Base */ = {isa = PBXFileReference; lastKnownFileType = file.storyboard; name = Base; path = Base.lproj/LaunchScreen.storyboard; sourceTree = "<group>"; };
		D976A7E31D1859D500ACA15C /* Info.plist */ = {isa = PBXFileReference; lastKnownFileType = text.plist.xml; path = Info.plist; sourceTree = "<group>"; };
		D976A7EE1D1869AD00ACA15C /* Hero.sks */ = {isa = PBXFileReference; lastKnownFileType = file.sks; path = Hero.sks; sourceTree = "<group>"; };
		D9E6EF821D1D777F00C9BEBC /* sfx_flap.caf */ = {isa = PBXFileReference; lastKnownFileType = file; path = sfx_flap.caf; sourceTree = "<group>"; };
		D9E6EF831D1D777F00C9BEBC /* sfx_goal.caf */ = {isa = PBXFileReference; lastKnownFileType = file; path = sfx_goal.caf; sourceTree = "<group>"; };
/* End PBXFileReference section */

/* Begin PBXFrameworksBuildPhase section */
		D976A7CD1D1859D400ACA15C /* Frameworks */ = {
			isa = PBXFrameworksBuildPhase;
			buildActionMask = 2147483647;
			files = (
			);
			runOnlyForDeploymentPostprocessing = 0;
		};
/* End PBXFrameworksBuildPhase section */

/* Begin PBXGroup section */
		D976A7C71D1859D400ACA15C = {
			isa = PBXGroup;
			children = (
				D976A7D21D1859D500ACA15C /* HoppyBunny */,
				D976A7D11D1859D500ACA15C /* Products */,
			);
			sourceTree = "<group>";
		};
		D976A7D11D1859D500ACA15C /* Products */ = {
			isa = PBXGroup;
			children = (
				D976A7D01D1859D500ACA15C /* HoppyBunny.app */,
			);
			name = Products;
			sourceTree = "<group>";
		};
		D976A7D21D1859D500ACA15C /* HoppyBunny */ = {
			isa = PBXGroup;
			children = (
				D973FCA91D1C387700EF55F4 /* AppDelegate.swift */,
				D973FC741D1C339000EF55F4 /* CGFloat+Extensions.swift */,
				D976A7D71D1859D500ACA15C /* GameScene.swift */,
				D976A7D91D1859D500ACA15C /* GameViewController.swift */,
				D970DD371D1C80520032987C /* MSButtonNode.swift */,
				D970DD3B1D1CB2BE0032987C /* GameEffects.sks */,
				D976A7D51D1859D500ACA15C /* GameScene.sks */,
				D976A7EE1D1869AD00ACA15C /* Hero.sks */,
				D91B5A471D1C606C0053226F /* Obstacle.sks */,
				D976A7DB1D1859D500ACA15C /* Main.storyboard */,
				D976A7DE1D1859D500ACA15C /* Assets.xcassets */,
				D9E6EF811D1D777F00C9BEBC /* SFX */,
				D976A7E01D1859D500ACA15C /* LaunchScreen.storyboard */,
				D976A7E31D1859D500ACA15C /* Info.plist */,
			);
			path = HoppyBunny;
			sourceTree = "<group>";
		};
		D9E6EF811D1D777F00C9BEBC /* SFX */ = {
			isa = PBXGroup;
			children = (
				D9E6EF821D1D777F00C9BEBC /* sfx_flap.caf */,
				D9E6EF831D1D777F00C9BEBC /* sfx_goal.caf */,
			);
			name = SFX;
			path = ../../../Downloads/SFX;
			sourceTree = "<group>";
		};
/* End PBXGroup section */

/* Begin PBXNativeTarget section */
		D976A7CF1D1859D400ACA15C /* HoppyBunny */ = {
			isa = PBXNativeTarget;
			buildConfigurationList = D976A7E61D1859D500ACA15C /* Build configuration list for PBXNativeTarget "HoppyBunny" */;
			buildPhases = (
				D976A7CC1D1859D400ACA15C /* Sources */,
				D976A7CD1D1859D400ACA15C /* Frameworks */,
				D976A7CE1D1859D400ACA15C /* Resources */,
			);
			buildRules = (
			);
			dependencies = (
			);
			name = HoppyBunny;
			productName = HoppyBunny;
			productReference = D976A7D01D1859D500ACA15C /* HoppyBunny.app */;
			productType = "com.apple.product-type.application";
		};
/* End PBXNativeTarget section */

/* Begin PBXProject section */
		D976A7C81D1859D400ACA15C /* Project object */ = {
			isa = PBXProject;
			attributes = {
				LastSwiftUpdateCheck = 0730;
				LastUpgradeCheck = 0730;
				ORGANIZATIONNAME = "Make School";
				TargetAttributes = {
					D976A7CF1D1859D400ACA15C = {
						CreatedOnToolsVersion = 7.3.1;
						DevelopmentTeam = 9GRW5E3ECY;
					};
				};
			};
			buildConfigurationList = D976A7CB1D1859D400ACA15C /* Build configuration list for PBXProject "HoppyBunny" */;
			compatibilityVersion = "Xcode 3.2";
			developmentRegion = English;
			hasScannedForEncodings = 0;
			knownRegions = (
				en,
				Base,
			);
			mainGroup = D976A7C71D1859D400ACA15C;
			productRefGroup = D976A7D11D1859D500ACA15C /* Products */;
			projectDirPath = "";
			projectRoot = "";
			targets = (
				D976A7CF1D1859D400ACA15C /* HoppyBunny */,
			);
		};
/* End PBXProject section */

/* Begin PBXResourcesBuildPhase section */
		D976A7CE1D1859D400ACA15C /* Resources */ = {
			isa = PBXResourcesBuildPhase;
			buildActionMask = 2147483647;
			files = (
				D91B5A481D1C606C0053226F /* Obstacle.sks in Resources */,
				D976A7D61D1859D500ACA15C /* GameScene.sks in Resources */,
				D9E6EF851D1D777F00C9BEBC /* sfx_goal.caf in Resources */,
				D976A7E21D1859D500ACA15C /* LaunchScreen.storyboard in Resources */,
				D976A7EF1D1869AE00ACA15C /* Hero.sks in Resources */,
				D976A7DF1D1859D500ACA15C /* Assets.xcassets in Resources */,
				D970DD3C1D1CB2BE0032987C /* GameEffects.sks in Resources */,
				D976A7DD1D1859D500ACA15C /* Main.storyboard in Resources */,
				D9E6EF841D1D777F00C9BEBC /* sfx_flap.caf in Resources */,
			);
			runOnlyForDeploymentPostprocessing = 0;
		};
/* End PBXResourcesBuildPhase section */

/* Begin PBXSourcesBuildPhase section */
		D976A7CC1D1859D400ACA15C /* Sources */ = {
			isa = PBXSourcesBuildPhase;
			buildActionMask = 2147483647;
			files = (
				D973FCAA1D1C387700EF55F4 /* AppDelegate.swift in Sources */,
				D973FC811D1C339100EF55F4 /* CGFloat+Extensions.swift in Sources */,
				D976A7D81D1859D500ACA15C /* GameScene.swift in Sources */,
				D976A7DA1D1859D500ACA15C /* GameViewController.swift in Sources */,
				D970DD381D1C80520032987C /* MSButtonNode.swift in Sources */,
			);
			runOnlyForDeploymentPostprocessing = 0;
		};
/* End PBXSourcesBuildPhase section */

/* Begin PBXVariantGroup section */
		D976A7DB1D1859D500ACA15C /* Main.storyboard */ = {
			isa = PBXVariantGroup;
			children = (
				D976A7DC1D1859D500ACA15C /* Base */,
			);
			name = Main.storyboard;
			sourceTree = "<group>";
		};
		D976A7E01D1859D500ACA15C /* LaunchScreen.storyboard */ = {
			isa = PBXVariantGroup;
			children = (
				D976A7E11D1859D500ACA15C /* Base */,
			);
			name = LaunchScreen.storyboard;
			sourceTree = "<group>";
		};
/* End PBXVariantGroup section */

/* Begin XCBuildConfiguration section */
		D976A7E41D1859D500ACA15C /* Debug */ = {
			isa = XCBuildConfiguration;
			buildSettings = {
				ALWAYS_SEARCH_USER_PATHS = NO;
				CLANG_ANALYZER_NONNULL = YES;
				CLANG_CXX_LANGUAGE_STANDARD = "gnu++0x";
				CLANG_CXX_LIBRARY = "libc++";
				CLANG_ENABLE_MODULES = YES;
				CLANG_ENABLE_OBJC_ARC = YES;
				CLANG_WARN_BOOL_CONVERSION = YES;
				CLANG_WARN_CONSTANT_CONVERSION = YES;
				CLANG_WARN_DIRECT_OBJC_ISA_USAGE = YES_ERROR;
				CLANG_WARN_EMPTY_BODY = YES;
				CLANG_WARN_ENUM_CONVERSION = YES;
				CLANG_WARN_INT_CONVERSION = YES;
				CLANG_WARN_OBJC_ROOT_CLASS = YES_ERROR;
				CLANG_WARN_UNREACHABLE_CODE = YES;
				CLANG_WARN__DUPLICATE_METHOD_MATCH = YES;
				"CODE_SIGN_IDENTITY[sdk=iphoneos*]" = "iPhone Developer";
				COPY_PHASE_STRIP = NO;
				DEBUG_INFORMATION_FORMAT = "dwarf-with-dsym";
				ENABLE_STRICT_OBJC_MSGSEND = YES;
				ENABLE_TESTABILITY = YES;
				GCC_C_LANGUAGE_STANDARD = gnu99;
				GCC_DYNAMIC_NO_PIC = NO;
				GCC_NO_COMMON_BLOCKS = YES;
				GCC_OPTIMIZATION_LEVEL = 0;
				GCC_PREPROCESSOR_DEFINITIONS = (
					"DEBUG=1",
					"$(inherited)",
				);
				GCC_WARN_64_TO_32_BIT_CONVERSION = YES;
				GCC_WARN_ABOUT_RETURN_TYPE = YES_ERROR;
				GCC_WARN_UNDECLARED_SELECTOR = YES;
				GCC_WARN_UNINITIALIZED_AUTOS = YES_AGGRESSIVE;
				GCC_WARN_UNUSED_FUNCTION = YES;
				GCC_WARN_UNUSED_VARIABLE = YES;
				IPHONEOS_DEPLOYMENT_TARGET = 9.3;
				MTL_ENABLE_DEBUG_INFO = YES;
				ONLY_ACTIVE_ARCH = YES;
				SDKROOT = iphoneos;
				SWIFT_OPTIMIZATION_LEVEL = "-Onone";
			};
			name = Debug;
		};
		D976A7E51D1859D500ACA15C /* Release */ = {
			isa = XCBuildConfiguration;
			buildSettings = {
				ALWAYS_SEARCH_USER_PATHS = NO;
				CLANG_ANALYZER_NONNULL = YES;
				CLANG_CXX_LANGUAGE_STANDARD = "gnu++0x";
				CLANG_CXX_LIBRARY = "libc++";
				CLANG_ENABLE_MODULES = YES;
				CLANG_ENABLE_OBJC_ARC = YES;
				CLANG_WARN_BOOL_CONVERSION = YES;
				CLANG_WARN_CONSTANT_CONVERSION = YES;
				CLANG_WARN_DIRECT_OBJC_ISA_USAGE = YES_ERROR;
				CLANG_WARN_EMPTY_BODY = YES;
				CLANG_WARN_ENUM_CONVERSION = YES;
				CLANG_WARN_INT_CONVERSION = YES;
				CLANG_WARN_OBJC_ROOT_CLASS = YES_ERROR;
				CLANG_WARN_UNREACHABLE_CODE = YES;
				CLANG_WARN__DUPLICATE_METHOD_MATCH = YES;
				"CODE_SIGN_IDENTITY[sdk=iphoneos*]" = "iPhone Developer";
				COPY_PHASE_STRIP = NO;
				DEBUG_INFORMATION_FORMAT = "dwarf-with-dsym";
				ENABLE_NS_ASSERTIONS = NO;
				ENABLE_STRICT_OBJC_MSGSEND = YES;
				GCC_C_LANGUAGE_STANDARD = gnu99;
				GCC_NO_COMMON_BLOCKS = YES;
				GCC_WARN_64_TO_32_BIT_CONVERSION = YES;
				GCC_WARN_ABOUT_RETURN_TYPE = YES_ERROR;
				GCC_WARN_UNDECLARED_SELECTOR = YES;
				GCC_WARN_UNINITIALIZED_AUTOS = YES_AGGRESSIVE;
				GCC_WARN_UNUSED_FUNCTION = YES;
				GCC_WARN_UNUSED_VARIABLE = YES;
				IPHONEOS_DEPLOYMENT_TARGET = 9.3;
				MTL_ENABLE_DEBUG_INFO = NO;
				SDKROOT = iphoneos;
				VALIDATE_PRODUCT = YES;
			};
			name = Release;
		};
		D976A7E71D1859D500ACA15C /* Debug */ = {
			isa = XCBuildConfiguration;
			buildSettings = {
				ASSETCATALOG_COMPILER_APPICON_NAME = AppIcon;
				CODE_SIGN_IDENTITY = "iPhone Developer";
				"CODE_SIGN_IDENTITY[sdk=iphoneos*]" = "iPhone Developer";
				INFOPLIST_FILE = HoppyBunny/Info.plist;
				LD_RUNPATH_SEARCH_PATHS = "$(inherited) @executable_path/Frameworks";
				PRODUCT_BUNDLE_IDENTIFIER = com.Christine.HoppyBunny;
				PRODUCT_NAME = "$(TARGET_NAME)";
				PROVISIONING_PROFILE = "";
			};
			name = Debug;
		};
		D976A7E81D1859D500ACA15C /* Release */ = {
			isa = XCBuildConfiguration;
			buildSettings = {
				ASSETCATALOG_COMPILER_APPICON_NAME = AppIcon;
				CODE_SIGN_IDENTITY = "iPhone Developer";
				"CODE_SIGN_IDENTITY[sdk=iphoneos*]" = "iPhone Developer";
				INFOPLIST_FILE = HoppyBunny/Info.plist;
				LD_RUNPATH_SEARCH_PATHS = "$(inherited) @executable_path/Frameworks";
				PRODUCT_BUNDLE_IDENTIFIER = com.Christine.HoppyBunny;
				PRODUCT_NAME = "$(TARGET_NAME)";
				PROVISIONING_PROFILE = "";
			};
			name = Release;
		};
/* End XCBuildConfiguration section */

/* Begin XCConfigurationList section */
		D976A7CB1D1859D400ACA15C /* Build configuration list for PBXProject "HoppyBunny" */ = {
			isa = XCConfigurationList;
			buildConfigurations = (
				D976A7E41D1859D500ACA15C /* Debug */,
				D976A7E51D1859D500ACA15C /* Release */,
			);
			defaultConfigurationIsVisible = 0;
			defaultConfigurationName = Release;
		};
		D976A7E61D1859D500ACA15C /* Build configuration list for PBXNativeTarget "HoppyBunny" */ = {
			isa = XCConfigurationList;
			buildConfigurations = (
				D976A7E71D1859D500ACA15C /* Debug */,
				D976A7E81D1859D500ACA15C /* Release */,
			);
			defaultConfigurationIsVisible = 0;
			defaultConfigurationName = Release;
		};
/* End XCConfigurationList section */
	};
	rootObject = D976A7C81D1859D400ACA15C /* Project object */;
}
